
Microsoft Visual Studio Solution File, Format Version 12.00
# Visual Studio Version 17
VisualStudioVersion = 17.5.33627.172
MinimumVisualStudioVersion = 10.0.40219.1
Project("{9A19103F-16F7-4668-BE54-9A1E7A4F7556}") = "Medidor de Temperatura", "Medidor de Temperatura\Medidor de Temperatura.csproj", "{E95B6CDA-A319-4CD1-9838-D94C8BD5132D}"
EndProject
Project("{2150E333-8FDC-42A3-9474-1A3956D46DE8}") = "Solution Items", "Solution Items", "{4C7FE584-7CFB-436D-9B95-A37BB8F6D506}"
	ProjectSection(SolutionItems) = preProject
		.editorconfig = .editorconfig
	EndProjectSection
EndProject
Global
	GlobalSection(SolutionConfigurationPlatforms) = preSolution
		Debug|Any CPU = Debug|Any CPU
		Release|Any CPU = Release|Any CPU
	EndGlobalSection
	GlobalSection(ProjectConfigurationPlatforms) = postSolution
		{E95B6CDA-A319-4CD1-9838-D94C8BD5132D}.Debug|Any CPU.ActiveCfg = Debug|Any CPU
		{E95B6CDA-A319-4CD1-9838-D94C8BD5132D}.Debug|Any CPU.Build.0 = Debug|Any CPU
		{E95B6CDA-A319-4CD1-9838-D94C8BD5132D}.Release|Any CPU.ActiveCfg = Release|Any CPU
		{E95B6CDA-A319-4CD1-9838-D94C8BD5132D}.Release|Any CPU.Build.0 = Release|Any CPU
	EndGlobalSection
	GlobalSection(SolutionProperties) = preSolution
		HideSolutionNode = FALSE
	EndGlobalSection
	GlobalSection(ExtensibilityGlobals) = postSolution
		SolutionGuid = {A1BA5C31-0A92-4A9E-95BB-EC3DEF5BDC64}
	EndGlobalSection
EndGlobal
